Microsoft Visual Studio Solution File, Format Version 12.00
# Visual Studio 2012
Project("{FAE04EC0-301F-11D3-BF4B-00C04F79EFBC}") = "Game_Off_2025", "Game_Off_2025.csproj", "{4C321BA1-01EA-4856-AEDC-3FC4F97516D3}"
EndProject
Global
	GlobalSection(SolutionConfigurationPlatforms) = preSolution
	Debug|Any CPU = Debug|Any CPU
	ExportDebug|Any CPU = ExportDebug|Any CPU
	ExportRelease|Any CPU = ExportRelease|Any CPU
	EndGlobalSection
	GlobalSection(ProjectConfigurationPlatforms) = postSolution
		{4C321BA1-01EA-4856-AEDC-3FC4F97516D3}.Debug|Any CPU.ActiveCfg = Debug|Any CPU
		{4C321BA1-01EA-4856-AEDC-3FC4F97516D3}.Debug|Any CPU.Build.0 = Debug|Any CPU
		{4C321BA1-01EA-4856-AEDC-3FC4F97516D3}.ExportDebug|Any CPU.ActiveCfg = ExportDebug|Any CPU
		{4C321BA1-01EA-4856-AEDC-3FC4F97516D3}.ExportDebug|Any CPU.Build.0 = ExportDebug|Any CPU
		{4C321BA1-01EA-4856-AEDC-3FC4F97516D3}.ExportRelease|Any CPU.ActiveCfg = ExportRelease|Any CPU
		{4C321BA1-01EA-4856-AEDC-3FC4F97516D3}.ExportRelease|Any CPU.Build.0 = ExportRelease|Any CPU
	EndGlobalSection
EndGlobal
